
Microsoft Visual Studio Solution File, Format Version 12.00
# Visual Studio Version 17
VisualStudioVersion = 17.4.33403.182
MinimumVisualStudioVersion = 10.0.40219.1
Project("{FAE04EC0-301F-11D3-BF4B-00C04F79EFBC}") = "love", "love\love.csproj", "{88D006F0-7D81-45D3-91A0-A435377DC516}"
EndProject
Global
	GlobalSection(SolutionConfigurationPlatforms) = preSolution
		Debug|Any CPU = Debug|Any CPU
		Release|Any CPU = Release|Any CPU
	EndGlobalSection
	GlobalSection(ProjectConfigurationPlatforms) = postSolution
		{88D006F0-7D81-45D3-91A0-A435377DC516}.Debug|Any CPU.ActiveCfg = Debug|Any CPU
		{88D006F0-7D81-45D3-91A0-A435377DC516}.Debug|Any CPU.Build.0 = Debug|Any CPU
		{88D006F0-7D81-45D3-91A0-A435377DC516}.Release|Any CPU.ActiveCfg = Release|Any CPU
		{88D006F0-7D81-45D3-91A0-A435377DC516}.Release|Any CPU.Build.0 = Release|Any CPU
	EndGlobalSection
	GlobalSection(SolutionProperties) = preSolution
		HideSolutionNode = FALSE
	EndGlobalSection
	GlobalSection(ExtensibilityGlobals) = postSolution
		SolutionGuid = {F7840D20-3A99-40A6-992A-2AC70F194517}
	EndGlobalSection
EndGlobal
